
Microsoft Visual Studio Solution File, Format Version 12.00
# Visual Studio Version 17
VisualStudioVersion = 17.13.35818.85
MinimumVisualStudioVersion = 10.0.40219.1
Project("{FAE04EC0-301F-11D3-BF4B-00C04F79EFBC}") = "MediaCenter", "MediaCenter\MediaCenter.csproj", "{C5499992-C653-4AC8-89F5-438001380729}"
EndProject
Project("{FAE04EC0-301F-11D3-BF4B-00C04F79EFBC}") = "MediaCenter.Common", "MediaCenter.Common\MediaCenter.Common.csproj", "{DA0AE52F-112C-49D9-A37B-D80B6381B84F}"
EndProject
Project("{FAE04EC0-301F-11D3-BF4B-00C04F79EFBC}") = "MediaCenter.DataAccess", "MediaCenter.DataAccess\MediaCenter.DataAccess.csproj", "{2C804463-C9EB-4F90-9882-9ECE43AD40E4}"
EndProject
Global
	GlobalSection(SolutionConfigurationPlatforms) = preSolution
		Debug|Any CPU = Debug|Any CPU
		Release|Any CPU = Release|Any CPU
	EndGlobalSection
	GlobalSection(ProjectConfigurationPlatforms) = postSolution
		{C5499992-C653-4AC8-89F5-438001380729}.Debug|Any CPU.ActiveCfg = Debug|Any CPU
		{C5499992-C653-4AC8-89F5-438001380729}.Debug|Any CPU.Build.0 = Debug|Any CPU
		{C5499992-C653-4AC8-89F5-438001380729}.Release|Any CPU.ActiveCfg = Release|Any CPU
		{C5499992-C653-4AC8-89F5-438001380729}.Release|Any CPU.Build.0 = Release|Any CPU
		{DA0AE52F-112C-49D9-A37B-D80B6381B84F}.Debug|Any CPU.ActiveCfg = Debug|Any CPU
		{DA0AE52F-112C-49D9-A37B-D80B6381B84F}.Debug|Any CPU.Build.0 = Debug|Any CPU
		{DA0AE52F-112C-49D9-A37B-D80B6381B84F}.Release|Any CPU.ActiveCfg = Release|Any CPU
		{DA0AE52F-112C-49D9-A37B-D80B6381B84F}.Release|Any CPU.Build.0 = Release|Any CPU
		{2C804463-C9EB-4F90-9882-9ECE43AD40E4}.Debug|Any CPU.ActiveCfg = Debug|Any CPU
		{2C804463-C9EB-4F90-9882-9ECE43AD40E4}.Debug|Any CPU.Build.0 = Debug|Any CPU
		{2C804463-C9EB-4F90-9882-9ECE43AD40E4}.Release|Any CPU.ActiveCfg = Release|Any CPU
		{2C804463-C9EB-4F90-9882-9ECE43AD40E4}.Release|Any CPU.Build.0 = Release|Any CPU
	EndGlobalSection
	GlobalSection(SolutionProperties) = preSolution
		HideSolutionNode = FALSE
	EndGlobalSection
	GlobalSection(ExtensibilityGlobals) = postSolution
		SolutionGuid = {3654CC73-1FF2-4B82-A30A-40D6A5C4EE21}
	EndGlobalSection
EndGlobal
